github.com/Binject/debug v0.0.0-20200830173345-f54480b6530f h1:aANCCkNbGzwXFh7dubh5FgvlZXuyRnZHcHZXmkRLV/A=
github.com/Binject/debug v0.0.0-20200830173345-f54480b6530f/go.mod h1:QzgxDLY/qdKlvnbnb65eqTedhvQPbaSP2NqIbcuKvsQ=
github.com/C-Sto/BananaPhone v0.0.0-20220202134020-1526021bae3e h1:ZWymmD2CPytApiLs2+OLatkSHxWOFt3jpSvd3KBNsxM=
github.com/C-Sto/BananaPhone v0.0.0-20220202134020-1526021bae3e/go.mod h1:QsEPWHZooj8uXL2YEdpQX+hDr00Plw7myenTiduBHRA=
github.com/awgh/rawreader v0.0.0-20200626064944-56820a9c6da4 h1:cIAK2NNf2yafdgpFRNJrgZMwvy61BEVpGoHc2n4/yWs=
github.com/awgh/rawreader v0.0.0-20200626064944-56820a9c6da4/go.mod h1:SalMPBCab3yuID8nIhLfzwoBV+lBRyaC7NhuN8qL8xE=
github.com/nodauf/bananaWinSyscall v0.0.0-20220215142913-2300b3bbca0b h1:b4wWx4sHmRMrSjUueqneAMmaIO5SDtnc5Se17aZS/y8=
github.com/nodauf/bananaWinSyscall v0.0.0-20220215142913-2300b3bbca0b/go.mod h1:JSP6+U+Qou4ZU+M/NK4/ycj4FHtPY8G2v59WmBmUR/I=
github.com/pkg/errors v0.9.1 h1:FEBLx1zS214owpjy7qsBeixbURkuhQAwrK5UwLGTwt4=
github.com/pkg/errors v0.9.1/go.mod h1:bwawxfHBFNV+L2hUp1rHADufV3IMtnDRdf1r5NINEl0=
golang.org/x/sys v0.0.0-20200828194041-157a740278f4/go.mod h1:h1NjWce9XRLGQEsW7wpKNCjG9DtNlClVuFLEZdDNbEs=
golang.org/x/sys v0.0.0-20220128215802-99c3d69c2c27 h1:XDXtA5hveEEV8JB2l7nhMTp3t3cHp9ZpwcdjqyEWLlo=
golang.org/x/sys v0.0.0-20220128215802-99c3d69c2c27/go.mod h1:oPkhp1MJrh7nUepCBck5+mAzfO9JrbApNNgaTdGDITg=
